
Microsoft Visual Studio Solution File, Format Version 12.00
# Visual Studio Version 17
VisualStudioVersion = 17.1.32328.378
MinimumVisualStudioVersion = 10.0.40219.1
Project("{FAE04EC0-301F-11D3-BF4B-00C04F79EFBC}") = "PFA", "PFA\PFA.csproj", "{A01A0BE3-535D-47EB-904C-55EA9CE7701B}"
EndProject
Global
	GlobalSection(SolutionConfigurationPlatforms) = preSolution
		Debug|Any CPU = Debug|Any CPU
		Release|Any CPU = Release|Any CPU
	EndGlobalSection
	GlobalSection(ProjectConfigurationPlatforms) = postSolution
		{A01A0BE3-535D-47EB-904C-55EA9CE7701B}.Debug|Any CPU.ActiveCfg = Debug|Any CPU
		{A01A0BE3-535D-47EB-904C-55EA9CE7701B}.Debug|Any CPU.Build.0 = Debug|Any CPU
		{A01A0BE3-535D-47EB-904C-55EA9CE7701B}.Release|Any CPU.ActiveCfg = Release|Any CPU
		{A01A0BE3-535D-47EB-904C-55EA9CE7701B}.Release|Any CPU.Build.0 = Release|Any CPU
	EndGlobalSection
	GlobalSection(SolutionProperties) = preSolution
		HideSolutionNode = FALSE
	EndGlobalSection
	GlobalSection(ExtensibilityGlobals) = postSolution
		SolutionGuid = {8ADBA59F-5BAF-48C5-8305-9B41F51CCE63}
	EndGlobalSection
EndGlobal
